
Microsoft Visual Studio Solution File, Format Version 12.00
# Visual Studio 2012
Project("{FAE04EC0-301F-11D3-BF4B-00C04F79EFBC}") = "SusiParser", "SusiParser\SusiParser.csproj", "{A25DD904-637A-4428-83BA-9F72E291A461}"
EndProject
Global
	GlobalSection(SolutionConfigurationPlatforms) = preSolution
		Debug|Any CPU = Debug|Any CPU
		Release|Any CPU = Release|Any CPU
	EndGlobalSection
	GlobalSection(ProjectConfigurationPlatforms) = postSolution
		{A25DD904-637A-4428-83BA-9F72E291A461}.Debug|Any CPU.ActiveCfg = Debug|Any CPU
		{A25DD904-637A-4428-83BA-9F72E291A461}.Debug|Any CPU.Build.0 = Debug|Any CPU
		{A25DD904-637A-4428-83BA-9F72E291A461}.Release|Any CPU.ActiveCfg = Release|Any CPU
		{A25DD904-637A-4428-83BA-9F72E291A461}.Release|Any CPU.Build.0 = Release|Any CPU
	EndGlobalSection
	GlobalSection(SolutionProperties) = preSolution
		HideSolutionNode = FALSE
	EndGlobalSection
EndGlobal
