
Microsoft Visual Studio Solution File, Format Version 12.00
# Visual Studio 2012
Project("{FAE04EC0-301F-11D3-BF4B-00C04F79EFBC}") = "SusiParser", "SusiParser\SusiParser.csproj", "{A25DD904-637A-4428-83BA-9F72E291A461}"
EndProject
Project("{FAE04EC0-301F-11D3-BF4B-00C04F79EFBC}") = "SusiParsingService", "SusiParsingService\SusiParsingService.csproj", "{A7407689-4A0E-4786-92E7-D8ED45D5C684}"
EndProject
Project("{FAE04EC0-301F-11D3-BF4B-00C04F79EFBC}") = "SusiParser.Console", "SusiParser.Console\SusiParser.Console.csproj", "{FAC6D56D-35B5-48A9-8225-DD493FBD32F0}"
EndProject
Project("{2150E333-8FDC-42A3-9474-1A3956D46DE8}") = ".nuget", ".nuget", "{F8D07835-8AC7-4C00-B555-FBB162726B6D}"
	ProjectSection(SolutionItems) = preProject
		.nuget\NuGet.Config = .nuget\NuGet.Config
		.nuget\NuGet.exe = .nuget\NuGet.exe
		.nuget\NuGet.targets = .nuget\NuGet.targets
	EndProjectSection
EndProject
Global
	GlobalSection(SolutionConfigurationPlatforms) = preSolution
		Debug|Any CPU = Debug|Any CPU
		Release|Any CPU = Release|Any CPU
	EndGlobalSection
	GlobalSection(ProjectConfigurationPlatforms) = postSolution
		{A25DD904-637A-4428-83BA-9F72E291A461}.Debug|Any CPU.ActiveCfg = Debug|Any CPU
		{A25DD904-637A-4428-83BA-9F72E291A461}.Debug|Any CPU.Build.0 = Debug|Any CPU
		{A25DD904-637A-4428-83BA-9F72E291A461}.Release|Any CPU.ActiveCfg = Release|Any CPU
		{A25DD904-637A-4428-83BA-9F72E291A461}.Release|Any CPU.Build.0 = Release|Any CPU
		{A7407689-4A0E-4786-92E7-D8ED45D5C684}.Debug|Any CPU.ActiveCfg = Debug|Any CPU
		{A7407689-4A0E-4786-92E7-D8ED45D5C684}.Debug|Any CPU.Build.0 = Debug|Any CPU
		{A7407689-4A0E-4786-92E7-D8ED45D5C684}.Release|Any CPU.ActiveCfg = Release|Any CPU
		{A7407689-4A0E-4786-92E7-D8ED45D5C684}.Release|Any CPU.Build.0 = Release|Any CPU
		{FAC6D56D-35B5-48A9-8225-DD493FBD32F0}.Debug|Any CPU.ActiveCfg = Debug|Any CPU
		{FAC6D56D-35B5-48A9-8225-DD493FBD32F0}.Debug|Any CPU.Build.0 = Debug|Any CPU
		{FAC6D56D-35B5-48A9-8225-DD493FBD32F0}.Release|Any CPU.ActiveCfg = Release|Any CPU
		{FAC6D56D-35B5-48A9-8225-DD493FBD32F0}.Release|Any CPU.Build.0 = Release|Any CPU
	EndGlobalSection
	GlobalSection(SolutionProperties) = preSolution
		HideSolutionNode = FALSE
	EndGlobalSection
EndGlobal
